{
  "name": "Grupo-Novais",
  "lockfileVersion": 3,
  "requires": true,
  "packages": {
    "": {
      "dependencies": {
        "dotenv": "^16.4.5",
        "express-json": "^1.0.0"
      }
    },
    "node_modules/dotenv": {
      "version": "16.4.5",
      "resolved": "https://registry.npmjs.org/dotenv/-/dotenv-16.4.5.tgz",
      "integrity": "sha512-ZmdL2rui+eB2YwhsWzjInR8LldtZHGDoQ1ugH85ppHKwpUHL7j7rN0Ti9NCnGiQbhaZ11FpR+7ao1dNsmduNUg==",
      "engines": {
        "node": ">=12"
      },
      "funding": {
        "url": "https://dotenvx.com"
      }
    },
    "node_modules/express-json": {
      "version": "1.0.0",
      "resolved": "https://registry.npmjs.org/express-json/-/express-json-1.0.0.tgz",
      "integrity": "sha512-r9SUO+hhmwjFNSy0+Zznyr/EG+qR9FKvWgODwxcJMQxfiBb/b+mMYtZvKO8gXED0Et/M67r0uXCejjHdn3PgMg=="
    }
  }
}
