{
  "name": "Grupo-Novais",
  "lockfileVersion": 3,
  "requires": true,
  "packages": {
    "": {
      "dependencies": {
        "express-json": "^1.0.0"
      }
    },
    "node_modules/express-json": {
      "version": "1.0.0",
      "resolved": "https://registry.npmjs.org/express-json/-/express-json-1.0.0.tgz",
      "integrity": "sha512-r9SUO+hhmwjFNSy0+Zznyr/EG+qR9FKvWgODwxcJMQxfiBb/b+mMYtZvKO8gXED0Et/M67r0uXCejjHdn3PgMg=="
    }
  }
}
